PODS:
  - AFNetworking (2.6.3):
    - AFNetworking/NSURLConnection (= 2.6.3)
    - AFNetworking/NSURLSession (= 2.6.3)
    - AFNetworking/Reachability (= 2.6.3)
    - AFNetworking/Security (= 2.6.3)
    - AFNetworking/Serialization (= 2.6.3)
    - AFNetworking/UIKit (= 2.6.3)
  - AFNetworking/NSURLConnection (2.6.3):
    - AFNetworking/Reachability
    - AFNetworking/Security
    - AFNetworking/Serialization
  - AFNetworking/NSURLSession (2.6.3):
    - AFNetworking/Reachability
    - AFNetworking/Security
    - AFNetworking/Serialization
  - AFNetworking/Reachability (2.6.3)
  - AFNetworking/Security (2.6.3)
  - AFNetworking/Serialization (2.6.3)
  - AFNetworking/UIKit (2.6.3):
    - AFNetworking/NSURLConnection
    - AFNetworking/NSURLSession
  - AFOAuth2Manager (2.2.0):
    - AFNetworking/NSURLConnection (~> 2.2)
  - AWSCore (2.3.2)
  - AWSS3 (2.3.2):
    - AWSCore (= 2.3.2)
  - BButton (4.0.2)
  - CocoaLumberjack (2.2.0):
    - CocoaLumberjack/Default (= 2.2.0)
    - CocoaLumberjack/Extensions (= 2.2.0)
  - CocoaLumberjack/Core (2.2.0)
  - CocoaLumberjack/Default (2.2.0):
    - CocoaLumberjack/Core
  - CocoaLumberjack/Extensions (2.2.0):
    - CocoaLumberjack/Default
  - FFmpeg (2.2):
    - FFmpeg/precompiled (= 2.2)
  - FFmpeg/precompiled (2.2)
  - FFmpegWrapper (1.0):
    - FFmpeg (~> 2.2)
  - FormatterKit/TimeIntervalFormatter (1.8.0)
  - Kickflip (1.4):
    - AFNetworking (~> 2.6)
    - AFOAuth2Manager (~> 2.0)
    - AWSS3 (~> 2.1)
    - CocoaLumberjack (~> 2.0)
    - FFmpegWrapper (~> 1.0)
    - FormatterKit/TimeIntervalFormatter (~> 1.4)
    - Mantle (~> 2.0)
    - PureLayout (~> 3.0)
    - SDWebImage (~> 3.6)
    - SSKeychain (~> 1.2)
  - Mantle (2.0.6):
    - Mantle/extobjc (= 2.0.6)
  - Mantle/extobjc (2.0.6)
  - PureLayout (3.0.1)
  - SDWebImage (3.7.3):
    - SDWebImage/Core (= 3.7.3)
  - SDWebImage/Core (3.7.3)
  - SSKeychain (1.3.1)
  - SSPullToRefresh (1.2.4)
  - UIAlertView-Blocks (1.0)
  - VTAcknowledgementsViewController (0.17)
  - YapDatabase (2.7.7):
    - YapDatabase/standard (= 2.7.7)
  - YapDatabase/standard (2.7.7):
    - CocoaLumberjack (~> 2)

DEPENDENCIES:
  - BButton (~> 4.0)
  - Kickflip (from `../Kickflip.podspec`)
  - SSPullToRefresh (~> 1.2)
  - UIAlertView-Blocks (~> 1.0)
  - VTAcknowledgementsViewController (~> 0.10)
  - YapDatabase (~> 2.7)

EXTERNAL SOURCES:
  Kickflip:
    :path: "../Kickflip.podspec"

SPEC CHECKSUMS:
  AFNetworking: cb8d14a848e831097108418f5d49217339d4eb60
  AFOAuth2Manager: 952eb62e8fd8022971e64c6e8fe28b9e999224af
  AWSCore: c2f69975fd2caf38a10736961de28a0105cdb00c
  AWSS3: 9ac201e7a4ad8be0b68348c77acfd100027b97af
  BButton: ab0f2ed3b998ae73c5188b57d270d81e4a1eeb27
  CocoaLumberjack: 17fe8581f84914d5d7e6360f7c70022b173c3ae0
  FFmpeg: e004e90bdac48219b272e7bea11671a25bb0a9b9
  FFmpegWrapper: 9a932581137d17203e842ce942e171158336ae16
  FormatterKit: bddde83e054edf9d9ee14f9de3b3a5103db256f4
  Kickflip: 5766c635c37cc3038f6c10e045fcdb392c9ab795
  Mantle: 299966b00759634931699f69cb6a30b9239b944d
  PureLayout: f35f5384c9c4e4479df041dbe33ad7577b71ddfb
  SDWebImage: 1d2b1a1efda1ade1b00b6f8498865f8ddedc8a84
  SSKeychain: 04c4ec40f4c3deda524e269bc76e5f30e638a174
  SSPullToRefresh: 369e862c1d6528c7a354fc85cd4763d4e670e9af
  UIAlertView-Blocks: 7904744fca618afbd2ec646608924f5e69d5acd1
  VTAcknowledgementsViewController: 6056f5f5e5ed995bbf0581bed6ddd29355ca9a80
  YapDatabase: a7a1ae3e0f89c319e3b22615c2351987fbbdbded

COCOAPODS: 0.39.0
